[[package]]
name = "future"
version = "0.18.2"
description = "Clean single-source support for Python 3 and 2"
category = "dev"
optional = false
python-versions = ">=2.6, !=3.0.*, !=3.1.*, !=3.2.*"

[[package]]
name = "future-fstrings"
version = "1.2.0"
description = "A backport of fstrings to python<3.6"
category = "dev"
optional = false
python-versions = ">=2.7, !=3.0.*, !=3.1.*, !=3.2.*, !=3.3.*"

[package.dependencies]
tokenize-rt = {version = ">=3", optional = true, markers = "extra == \"rewrite\""}

[package.extras]
rewrite = ["tokenize-rt (>=3)"]

[[package]]
name = "strip-hints"
version = "0.1.10"
description = "Function and command-line program to strip Python type hints."
category = "dev"
optional = false
python-versions = "*"

[[package]]
name = "tokenize-rt"
version = "3.2.0"
description = "A wrapper around the stdlib `tokenize` which roundtrips."
category = "dev"
optional = false
python-versions = ">=2.7, !=3.0.*, !=3.1.*, !=3.2.*, !=3.3.*, !=3.4.*"

[metadata]
lock-version = "1.1"
python-versions = ">= 3.6, < 4.0"
content-hash = "4924e036fc1c90d089f52a99f06e932d4edce7ce7accfa3eb51fa775a2e04341"

[metadata.files]
future = [
    {file = "future-0.18.2.tar.gz", hash = "sha256:b1bead90b70cf6ec3f0710ae53a525360fa360d306a86583adc6bf83a4db537d"},
]
future-fstrings = [
    {file = "future_fstrings-1.2.0-py2.py3-none-any.whl", hash = "sha256:90e49598b553d8746c4dc7d9442e0359d038c3039d802c91c0a55505da318c63"},
    {file = "future_fstrings-1.2.0.tar.gz", hash = "sha256:6cf41cbe97c398ab5a81168ce0dbb8ad95862d3caf23c21e4430627b90844089"},
]
strip-hints = [
    {file = "strip-hints-0.1.10.tar.gz", hash = "sha256:307c2bd147cd35997c8ed2e9a3bdca48ad9c9617e04ea46599095201b4ce998f"},
]
tokenize-rt = [
    {file = "tokenize_rt-3.2.0-py2.py3-none-any.whl", hash = "sha256:53f5c22d36e5c6f8e3fdbc6cb4dd151d1b3d38cea1b85b5fef6268f153733899"},
    {file = "tokenize_rt-3.2.0.tar.gz", hash = "sha256:2f44eee8f620102f8a03c50142795121faf86e020d208896ea7a7047bbe933cf"},
]
